
Microsoft Visual Studio Solution File, Format Version 12.00
# Visual Studio Version 16
VisualStudioVersion = 16.0.30114.105
MinimumVisualStudioVersion = 10.0.40219.1
Project("{FAE04EC0-301F-11D3-BF4B-00C04F79EFBC}") = "Actions", "Actions\Actions.csproj", "{76AFE47D-81A5-4ADA-8B10-6340BE435DFF}"
EndProject
Project("{FAE04EC0-301F-11D3-BF4B-00C04F79EFBC}") = "Core", "Core\Core.csproj", "{921ACFE0-60E5-432C-A549-7CD440AD629E}"
EndProject
Project("{FAE04EC0-301F-11D3-BF4B-00C04F79EFBC}") = "Util", "Util\Util.csproj", "{7EB23CEA-BAC3-449A-B46B-88ED8906A59A}"
EndProject
Project("{FAE04EC0-301F-11D3-BF4B-00C04F79EFBC}") = "XInstall2", "XInstall2\XInstall2.csproj", "{FF29BF83-FFB3-42D9-8490-F9AFE684A5FC}"
EndProject
Global
	GlobalSection(SolutionConfigurationPlatforms) = preSolution
		Debug|Any CPU = Debug|Any CPU
		Debug|x64 = Debug|x64
		Debug|x86 = Debug|x86
		Release|Any CPU = Release|Any CPU
		Release|x64 = Release|x64
		Release|x86 = Release|x86
	EndGlobalSection
	GlobalSection(SolutionProperties) = preSolution
		HideSolutionNode = FALSE
	EndGlobalSection
	GlobalSection(ProjectConfigurationPlatforms) = postSolution
		{76AFE47D-81A5-4ADA-8B10-6340BE435DFF}.Debug|Any CPU.ActiveCfg = Debug|Any CPU
		{76AFE47D-81A5-4ADA-8B10-6340BE435DFF}.Debug|Any CPU.Build.0 = Debug|Any CPU
		{76AFE47D-81A5-4ADA-8B10-6340BE435DFF}.Debug|x64.ActiveCfg = Debug|Any CPU
		{76AFE47D-81A5-4ADA-8B10-6340BE435DFF}.Debug|x64.Build.0 = Debug|Any CPU
		{76AFE47D-81A5-4ADA-8B10-6340BE435DFF}.Debug|x86.ActiveCfg = Debug|Any CPU
		{76AFE47D-81A5-4ADA-8B10-6340BE435DFF}.Debug|x86.Build.0 = Debug|Any CPU
		{76AFE47D-81A5-4ADA-8B10-6340BE435DFF}.Release|Any CPU.ActiveCfg = Release|Any CPU
		{76AFE47D-81A5-4ADA-8B10-6340BE435DFF}.Release|Any CPU.Build.0 = Release|Any CPU
		{76AFE47D-81A5-4ADA-8B10-6340BE435DFF}.Release|x64.ActiveCfg = Release|Any CPU
		{76AFE47D-81A5-4ADA-8B10-6340BE435DFF}.Release|x64.Build.0 = Release|Any CPU
		{76AFE47D-81A5-4ADA-8B10-6340BE435DFF}.Release|x86.ActiveCfg = Release|Any CPU
		{76AFE47D-81A5-4ADA-8B10-6340BE435DFF}.Release|x86.Build.0 = Release|Any CPU
		{1DBC9AF1-39D2-42B5-AE85-DEF59C003314}.Debug|Any CPU.ActiveCfg = Debug|Any CPU
		{1DBC9AF1-39D2-42B5-AE85-DEF59C003314}.Debug|Any CPU.Build.0 = Debug|Any CPU
		{1DBC9AF1-39D2-42B5-AE85-DEF59C003314}.Debug|x64.ActiveCfg = Debug|Any CPU
		{1DBC9AF1-39D2-42B5-AE85-DEF59C003314}.Debug|x64.Build.0 = Debug|Any CPU
		{1DBC9AF1-39D2-42B5-AE85-DEF59C003314}.Debug|x86.ActiveCfg = Debug|Any CPU
		{1DBC9AF1-39D2-42B5-AE85-DEF59C003314}.Debug|x86.Build.0 = Debug|Any CPU
		{1DBC9AF1-39D2-42B5-AE85-DEF59C003314}.Release|Any CPU.ActiveCfg = Debug|Any CPU
		{1DBC9AF1-39D2-42B5-AE85-DEF59C003314}.Release|Any CPU.Build.0 = Debug|Any CPU
		{1DBC9AF1-39D2-42B5-AE85-DEF59C003314}.Release|x64.ActiveCfg = Debug|Any CPU
		{1DBC9AF1-39D2-42B5-AE85-DEF59C003314}.Release|x64.Build.0 = Debug|Any CPU
		{1DBC9AF1-39D2-42B5-AE85-DEF59C003314}.Release|x86.ActiveCfg = Debug|Any CPU
		{1DBC9AF1-39D2-42B5-AE85-DEF59C003314}.Release|x86.Build.0 = Debug|Any CPU
		{921ACFE0-60E5-432C-A549-7CD440AD629E}.Debug|Any CPU.ActiveCfg = Debug|Any CPU
		{921ACFE0-60E5-432C-A549-7CD440AD629E}.Debug|Any CPU.Build.0 = Debug|Any CPU
		{921ACFE0-60E5-432C-A549-7CD440AD629E}.Debug|x64.ActiveCfg = Debug|Any CPU
		{921ACFE0-60E5-432C-A549-7CD440AD629E}.Debug|x64.Build.0 = Debug|Any CPU
		{921ACFE0-60E5-432C-A549-7CD440AD629E}.Debug|x86.ActiveCfg = Debug|Any CPU
		{921ACFE0-60E5-432C-A549-7CD440AD629E}.Debug|x86.Build.0 = Debug|Any CPU
		{921ACFE0-60E5-432C-A549-7CD440AD629E}.Release|Any CPU.ActiveCfg = Release|Any CPU
		{921ACFE0-60E5-432C-A549-7CD440AD629E}.Release|Any CPU.Build.0 = Release|Any CPU
		{921ACFE0-60E5-432C-A549-7CD440AD629E}.Release|x64.ActiveCfg = Release|Any CPU
		{921ACFE0-60E5-432C-A549-7CD440AD629E}.Release|x64.Build.0 = Release|Any CPU
		{921ACFE0-60E5-432C-A549-7CD440AD629E}.Release|x86.ActiveCfg = Release|Any CPU
		{921ACFE0-60E5-432C-A549-7CD440AD629E}.Release|x86.Build.0 = Release|Any CPU
		{9EE6CA08-7AB8-4D3A-86BF-A3D366C9D2E6}.Debug|Any CPU.ActiveCfg = Debug|Any CPU
		{9EE6CA08-7AB8-4D3A-86BF-A3D366C9D2E6}.Debug|Any CPU.Build.0 = Debug|Any CPU
		{9EE6CA08-7AB8-4D3A-86BF-A3D366C9D2E6}.Debug|x64.ActiveCfg = Debug|Any CPU
		{9EE6CA08-7AB8-4D3A-86BF-A3D366C9D2E6}.Debug|x64.Build.0 = Debug|Any CPU
		{9EE6CA08-7AB8-4D3A-86BF-A3D366C9D2E6}.Debug|x86.ActiveCfg = Debug|Any CPU
		{9EE6CA08-7AB8-4D3A-86BF-A3D366C9D2E6}.Debug|x86.Build.0 = Debug|Any CPU
		{9EE6CA08-7AB8-4D3A-86BF-A3D366C9D2E6}.Release|Any CPU.ActiveCfg = Debug|Any CPU
		{9EE6CA08-7AB8-4D3A-86BF-A3D366C9D2E6}.Release|Any CPU.Build.0 = Debug|Any CPU
		{9EE6CA08-7AB8-4D3A-86BF-A3D366C9D2E6}.Release|x64.ActiveCfg = Debug|Any CPU
		{9EE6CA08-7AB8-4D3A-86BF-A3D366C9D2E6}.Release|x64.Build.0 = Debug|Any CPU
		{9EE6CA08-7AB8-4D3A-86BF-A3D366C9D2E6}.Release|x86.ActiveCfg = Debug|Any CPU
		{9EE6CA08-7AB8-4D3A-86BF-A3D366C9D2E6}.Release|x86.Build.0 = Debug|Any CPU
		{7EB23CEA-BAC3-449A-B46B-88ED8906A59A}.Debug|Any CPU.ActiveCfg = Debug|Any CPU
		{7EB23CEA-BAC3-449A-B46B-88ED8906A59A}.Debug|Any CPU.Build.0 = Debug|Any CPU
		{7EB23CEA-BAC3-449A-B46B-88ED8906A59A}.Debug|x64.ActiveCfg = Debug|Any CPU
		{7EB23CEA-BAC3-449A-B46B-88ED8906A59A}.Debug|x64.Build.0 = Debug|Any CPU
		{7EB23CEA-BAC3-449A-B46B-88ED8906A59A}.Debug|x86.ActiveCfg = Debug|Any CPU
		{7EB23CEA-BAC3-449A-B46B-88ED8906A59A}.Debug|x86.Build.0 = Debug|Any CPU
		{7EB23CEA-BAC3-449A-B46B-88ED8906A59A}.Release|Any CPU.ActiveCfg = Release|Any CPU
		{7EB23CEA-BAC3-449A-B46B-88ED8906A59A}.Release|Any CPU.Build.0 = Release|Any CPU
		{7EB23CEA-BAC3-449A-B46B-88ED8906A59A}.Release|x64.ActiveCfg = Release|Any CPU
		{7EB23CEA-BAC3-449A-B46B-88ED8906A59A}.Release|x64.Build.0 = Release|Any CPU
		{7EB23CEA-BAC3-449A-B46B-88ED8906A59A}.Release|x86.ActiveCfg = Release|Any CPU
		{7EB23CEA-BAC3-449A-B46B-88ED8906A59A}.Release|x86.Build.0 = Release|Any CPU
		{FF29BF83-FFB3-42D9-8490-F9AFE684A5FC}.Debug|Any CPU.ActiveCfg = Debug|Any CPU
		{FF29BF83-FFB3-42D9-8490-F9AFE684A5FC}.Debug|Any CPU.Build.0 = Debug|Any CPU
		{FF29BF83-FFB3-42D9-8490-F9AFE684A5FC}.Debug|x64.ActiveCfg = Debug|Any CPU
		{FF29BF83-FFB3-42D9-8490-F9AFE684A5FC}.Debug|x64.Build.0 = Debug|Any CPU
		{FF29BF83-FFB3-42D9-8490-F9AFE684A5FC}.Debug|x86.ActiveCfg = Debug|Any CPU
		{FF29BF83-FFB3-42D9-8490-F9AFE684A5FC}.Debug|x86.Build.0 = Debug|Any CPU
		{FF29BF83-FFB3-42D9-8490-F9AFE684A5FC}.Release|Any CPU.ActiveCfg = Debug|Any CPU
		{FF29BF83-FFB3-42D9-8490-F9AFE684A5FC}.Release|Any CPU.Build.0 = Debug|Any CPU
		{FF29BF83-FFB3-42D9-8490-F9AFE684A5FC}.Release|x64.ActiveCfg = Debug|Any CPU
		{FF29BF83-FFB3-42D9-8490-F9AFE684A5FC}.Release|x64.Build.0 = Debug|Any CPU
		{FF29BF83-FFB3-42D9-8490-F9AFE684A5FC}.Release|x86.ActiveCfg = Debug|Any CPU
		{FF29BF83-FFB3-42D9-8490-F9AFE684A5FC}.Release|x86.Build.0 = Debug|Any CPU
		{46311999-BC29-45A7-9A80-247F47EB2397}.Debug|Any CPU.ActiveCfg = Debug|Any CPU
		{46311999-BC29-45A7-9A80-247F47EB2397}.Debug|Any CPU.Build.0 = Debug|Any CPU
		{46311999-BC29-45A7-9A80-247F47EB2397}.Debug|x64.ActiveCfg = Debug|Any CPU
		{46311999-BC29-45A7-9A80-247F47EB2397}.Debug|x64.Build.0 = Debug|Any CPU
		{46311999-BC29-45A7-9A80-247F47EB2397}.Debug|x86.ActiveCfg = Debug|Any CPU
		{46311999-BC29-45A7-9A80-247F47EB2397}.Debug|x86.Build.0 = Debug|Any CPU
		{46311999-BC29-45A7-9A80-247F47EB2397}.Release|Any CPU.ActiveCfg = Debug|Any CPU
		{46311999-BC29-45A7-9A80-247F47EB2397}.Release|Any CPU.Build.0 = Debug|Any CPU
		{46311999-BC29-45A7-9A80-247F47EB2397}.Release|x64.ActiveCfg = Debug|Any CPU
		{46311999-BC29-45A7-9A80-247F47EB2397}.Release|x64.Build.0 = Debug|Any CPU
		{46311999-BC29-45A7-9A80-247F47EB2397}.Release|x86.ActiveCfg = Debug|Any CPU
		{46311999-BC29-45A7-9A80-247F47EB2397}.Release|x86.Build.0 = Debug|Any CPU
	EndGlobalSection
EndGlobal
