
Microsoft Visual Studio Solution File, Format Version 9.00
# Visual Studio 2005
Project("{FAE04EC0-301F-11D3-BF4B-00C04F79EFBC}") = "XInstall2", "XInstall2.csproj", "{FF29BF83-FFB3-42D9-8490-F9AFE684A5FC}"
EndProject
Project("{FAE04EC0-301F-11D3-BF4B-00C04F79EFBC}") = "Core", "..\Core\Core.csproj", "{118DEC61-2DF2-4022-B0B4-DAB11B68947E}"
EndProject
Project("{FAE04EC0-301F-11D3-BF4B-00C04F79EFBC}") = "Util", "..\Util\Util.csproj", "{1DBC9AF1-39D2-42B5-AE85-DEF59C003314}"
EndProject
Project("{FAE04EC0-301F-11D3-BF4B-00C04F79EFBC}") = "Actions", "..\Actions\Actions.csproj", "{F358D973-3795-472C-9CD8-546851079511}"
EndProject
Global
	GlobalSection(SolutionConfigurationPlatforms) = preSolution
		Debug|Any CPU = Debug|Any CPU
		Release|Any CPU = Release|Any CPU
	EndGlobalSection
	GlobalSection(ProjectConfigurationPlatforms) = postSolution
		{FF29BF83-FFB3-42D9-8490-F9AFE684A5FC}.Debug|Any CPU.ActiveCfg = Debug|Any CPU
		{FF29BF83-FFB3-42D9-8490-F9AFE684A5FC}.Debug|Any CPU.Build.0 = Debug|Any CPU
		{FF29BF83-FFB3-42D9-8490-F9AFE684A5FC}.Release|Any CPU.ActiveCfg = Release|Any CPU
		{FF29BF83-FFB3-42D9-8490-F9AFE684A5FC}.Release|Any CPU.Build.0 = Release|Any CPU
		{118DEC61-2DF2-4022-B0B4-DAB11B68947E}.Debug|Any CPU.ActiveCfg = Debug|Any CPU
		{118DEC61-2DF2-4022-B0B4-DAB11B68947E}.Debug|Any CPU.Build.0 = Debug|Any CPU
		{118DEC61-2DF2-4022-B0B4-DAB11B68947E}.Release|Any CPU.ActiveCfg = Release|Any CPU
		{118DEC61-2DF2-4022-B0B4-DAB11B68947E}.Release|Any CPU.Build.0 = Release|Any CPU
		{1DBC9AF1-39D2-42B5-AE85-DEF59C003314}.Debug|Any CPU.ActiveCfg = Debug|Any CPU
		{1DBC9AF1-39D2-42B5-AE85-DEF59C003314}.Debug|Any CPU.Build.0 = Debug|Any CPU
		{1DBC9AF1-39D2-42B5-AE85-DEF59C003314}.Release|Any CPU.ActiveCfg = Release|Any CPU
		{1DBC9AF1-39D2-42B5-AE85-DEF59C003314}.Release|Any CPU.Build.0 = Release|Any CPU
		{F358D973-3795-472C-9CD8-546851079511}.Debug|Any CPU.ActiveCfg = Debug|Any CPU
		{F358D973-3795-472C-9CD8-546851079511}.Debug|Any CPU.Build.0 = Debug|Any CPU
		{F358D973-3795-472C-9CD8-546851079511}.Release|Any CPU.ActiveCfg = Release|Any CPU
		{F358D973-3795-472C-9CD8-546851079511}.Release|Any CPU.Build.0 = Release|Any CPU
	EndGlobalSection
	GlobalSection(SolutionProperties) = preSolution
		HideSolutionNode = FALSE
	EndGlobalSection
EndGlobal
